// !$*UTF8*$!
{
	archiveVersion = 1;
	classes = {
	};
	objectVersion = 46;
	objects = {

/* Begin PBXBuildFile section */
		C6526C591BEE4C2500D3B9AB /* main.m in Sources */ = {isa = PBXBuildFile; fileRef = C6526C581BEE4C2500D3B9AB /* main.m */; };
		C6526C5C1BEE4C2500D3B9AB /* AppDelegate.m in Sources */ = {isa = PBXBuildFile; fileRef = C6526C5B1BEE4C2500D3B9AB /* AppDelegate.m */; };
		C6526C5F1BEE4C2500D3B9AB /* ViewController.m in Sources */ = {isa = PBXBuildFile; fileRef = C6526C5E1BEE4C2500D3B9AB /* ViewController.m */; };
		C6526C621BEE4C2500D3B9AB /* Main.storyboard in Resources */ = {isa = PBXBuildFile; fileRef = C6526C601BEE4C2500D3B9AB /* Main.storyboard */; };
		C6526C641BEE4C2500D3B9AB /* Assets.xcassets in Resources */ = {isa = PBXBuildFile; fileRef = C6526C631BEE4C2500D3B9AB /* Assets.xcassets */; };
		C6526C671BEE4C2500D3B9AB /* LaunchScreen.storyboard in Resources */ = {isa = PBXBuildFile; fileRef = C6526C651BEE4C2500D3B9AB /* LaunchScreen.storyboard */; };
		C6526C721BEE4C2500D3B9AB /* xxxxxxTests.m in Sources */ = {isa = PBXBuildFile; fileRef = C6526C711BEE4C2500D3B9AB /* xxxxxxTests.m */; };
		C6526C7D1BEE4C2500D3B9AB /* xxxxxxUITests.m in Sources */ = {isa = PBXBuildFile; fileRef = C6526C7C1BEE4C2500D3B9AB /* xxxxxxUITests.m */; };
/* End PBXBuildFile section */

/* Begin PBXContainerItemProxy section */
		C6526C6E1BEE4C2500D3B9AB /* PBXContainerItemProxy */ = {
			isa = PBXContainerItemProxy;
			containerPortal = C6526C4C1BEE4C2500D3B9AB /* Project object */;
			proxyType = 1;
			remoteGlobalIDString = C6526C531BEE4C2500D3B9AB;
			remoteInfo = xxxxxx;
		};
		C6526C791BEE4C2500D3B9AB /* PBXContainerItemProxy */ = {
			isa = PBXContainerItemProxy;
			containerPortal = C6526C4C1BEE4C2500D3B9AB /* Project object */;
			proxyType = 1;
			remoteGlobalIDString = C6526C531BEE4C2500D3B9AB;
			remoteInfo = xxxxxx;
		};
/* End PBXContainerItemProxy section */

/* Begin PBXFileReference section */
		C6526C541BEE4C2500D3B9AB /* xxxxxx.app */ = {isa = PBXFileReference; explicitFileType = wrapper.application; includeInIndex = 0; path = xxxxxx.app; sourceTree = BUILT_PRODUCTS_DIR; };
		C6526C581BEE4C2500D3B9AB /* main.m */ = {isa = PBXFileReference; lastKnownFileType = sourcecode.c.objc; path = main.m; sourceTree = "<group>"; };
		C6526C5A1BEE4C2500D3B9AB /* AppDelegate.h */ = {isa = PBXFileReference; lastKnownFileType = sourcecode.c.h; path = AppDelegate.h; sourceTree = "<group>"; };
		C6526C5B1BEE4C2500D3B9AB /* AppDelegate.m */ = {isa = PBXFileReference; lastKnownFileType = sourcecode.c.objc; path = AppDelegate.m; sourceTree = "<group>"; };
		C6526C5D1BEE4C2500D3B9AB /* ViewController.h */ = {isa = PBXFileReference; lastKnownFileType = sourcecode.c.h; path = ViewController.h; sourceTree = "<group>"; };
		C6526C5E1BEE4C2500D3B9AB /* ViewController.m */ = {isa = PBXFileReference; lastKnownFileType = sourcecode.c.objc; path = ViewController.m; sourceTree = "<group>"; };
		C6526C611BEE4C2500D3B9AB /* Base */ = {isa = PBXFileReference; lastKnownFileType = file.storyboard; name = Base; path = Base.lproj/Main.storyboard; sourceTree = "<group>"; };
		C6526C631BEE4C2500D3B9AB /* Assets.xcassets */ = {isa = PBXFileReference; lastKnownFileType = folder.assetcatalog; path = Assets.xcassets; sourceTree = "<group>"; };
		C6526C661BEE4C2500D3B9AB /* Base */ = {isa = PBXFileReference; lastKnownFileType = file.storyboard; name = Base; path = Base.lproj/LaunchScreen.storyboard; sourceTree = "<group>"; };
		C6526C681BEE4C2500D3B9AB /* Info.plist */ = {isa = PBXFileReference; lastKnownFileType = text.plist.xml; path = Info.plist; sourceTree = "<group>"; };
		C6526C6D1BEE4C2500D3B9AB /* xxxxxxTests.xctest */ = {isa = PBXFileReference; explicitFileType = wrapper.cfbundle; includeInIndex = 0; path = xxxxxxTests.xctest; sourceTree = BUILT_PRODUCTS_DIR; };
		C6526C711BEE4C2500D3B9AB /* xxxxxxTests.m */ = {isa = PBXFileReference; lastKnownFileType = sourcecode.c.objc; path = xxxxxxTests.m; sourceTree = "<group>"; };
		C6526C731BEE4C2500D3B9AB /* Info.plist */ = {isa = PBXFileReference; lastKnownFileType = text.plist.xml; path = Info.plist; sourceTree = "<group>"; };
		C6526C781BEE4C2500D3B9AB /* xxxxxxUITests.xctest */ = {isa = PBXFileReference; explicitFileType = wrapper.cfbundle; includeInIndex = 0; path = xxxxxxUITests.xctest; sourceTree = BUILT_PRODUCTS_DIR; };
		C6526C7C1BEE4C2500D3B9AB /* xxxxxxUITests.m */ = {isa = PBXFileReference; lastKnownFileType = sourcecode.c.objc; path = xxxxxxUITests.m; sourceTree = "<group>"; };
		C6526C7E1BEE4C2500D3B9AB /* Info.plist */ = {isa = PBXFileReference; lastKnownFileType = text.plist.xml; path = Info.plist; sourceTree = "<group>"; };
/* End PBXFileReference section */

/* Begin PBXFrameworksBuildPhase section */
		C6526C511BEE4C2500D3B9AB /* Frameworks */ = {
			isa = PBXFrameworksBuildPhase;
			buildActionMask = 2147483647;
			files = (
			);
			runOnlyForDeploymentPostprocessing = 0;
		};
		C6526C6A1BEE4C2500D3B9AB /* Frameworks */ = {
			isa = PBXFrameworksBuildPhase;
			buildActionMask = 2147483647;
			files = (
			);
			runOnlyForDeploymentPostprocessing = 0;
		};
		C6526C751BEE4C2500D3B9AB /* Frameworks */ = {
			isa = PBXFrameworksBuildPhase;
			buildActionMask = 2147483647;
			files = (
			);
			runOnlyForDeploymentPostprocessing = 0;
		};
/* End PBXFrameworksBuildPhase section */

/* Begin PBXGroup section */
		C6526C4B1BEE4C2500D3B9AB = {
			isa = PBXGroup;
			children = (
				C6526C561BEE4C2500D3B9AB /* xxxxxx */,
				C6526C701BEE4C2500D3B9AB /* xxxxxxTests */,
				C6526C7B1BEE4C2500D3B9AB /* xxxxxxUITests */,
				C6526C551BEE4C2500D3B9AB /* Products */,
			);
			sourceTree = "<group>";
		};
		C6526C551BEE4C2500D3B9AB /* Products */ = {
			isa = PBXGroup;
			children = (
				C6526C541BEE4C2500D3B9AB /* xxxxxx.app */,
				C6526C6D1BEE4C2500D3B9AB /* xxxxxxTests.xctest */,
				C6526C781BEE4C2500D3B9AB /* xxxxxxUITests.xctest */,
			);
			name = Products;
			sourceTree = "<group>";
		};
		C6526C561BEE4C2500D3B9AB /* xxxxxx */ = {
			isa = PBXGroup;
			children = (
				C6526C5A1BEE4C2500D3B9AB /* AppDelegate.h */,
				C6526C5B1BEE4C2500D3B9AB /* AppDelegate.m */,
				C6526C5D1BEE4C2500D3B9AB /* ViewController.h */,
				C6526C5E1BEE4C2500D3B9AB /* ViewController.m */,
				C6526C601BEE4C2500D3B9AB /* Main.storyboard */,
				C6526C631BEE4C2500D3B9AB /* Assets.xcassets */,
				C6526C651BEE4C2500D3B9AB /* LaunchScreen.storyboard */,
				C6526C681BEE4C2500D3B9AB /* Info.plist */,
				C6526C571BEE4C2500D3B9AB /* Supporting Files */,
			);
			path = xxxxxx;
			sourceTree = "<group>";
		};
		C6526C571BEE4C2500D3B9AB /* Supporting Files */ = {
			isa = PBXGroup;
			children = (
				C6526C581BEE4C2500D3B9AB /* main.m */,
			);
			name = "Supporting Files";
			sourceTree = "<group>";
		};
		C6526C701BEE4C2500D3B9AB /* xxxxxxTests */ = {
			isa = PBXGroup;
			children = (
				C6526C711BEE4C2500D3B9AB /* xxxxxxTests.m */,
				C6526C731BEE4C2500D3B9AB /* Info.plist */,
			);
			path = xxxxxxTests;
			sourceTree = "<group>";
		};
		C6526C7B1BEE4C2500D3B9AB /* xxxxxxUITests */ = {
			isa = PBXGroup;
			children = (
				C6526C7C1BEE4C2500D3B9AB /* xxxxxxUITests.m */,
				C6526C7E1BEE4C2500D3B9AB /* Info.plist */,
			);
			path = xxxxxxUITests;
			sourceTree = "<group>";
		};
/* End PBXGroup section */

/* Begin PBXNativeTarget section */
		C6526C531BEE4C2500D3B9AB /* xxxxxx */ = {
			isa = PBXNativeTarget;
			buildConfigurationList = C6526C811BEE4C2500D3B9AB /* Build configuration list for PBXNativeTarget "xxxxxx" */;
			buildPhases = (
				C6526C501BEE4C2500D3B9AB /* Sources */,
				C6526C511BEE4C2500D3B9AB /* Frameworks */,
				C6526C521BEE4C2500D3B9AB /* Resources */,
			);
			buildRules = (
			);
			dependencies = (
			);
			name = xxxxxx;
			productName = xxxxxx;
			productReference = C6526C541BEE4C2500D3B9AB /* xxxxxx.app */;
			productType = "com.apple.product-type.application";
		};
		C6526C6C1BEE4C2500D3B9AB /* xxxxxxTests */ = {
			isa = PBXNativeTarget;
			buildConfigurationList = C6526C841BEE4C2500D3B9AB /* Build configuration list for PBXNativeTarget "xxxxxxTests" */;
			buildPhases = (
				C6526C691BEE4C2500D3B9AB /* Sources */,
				C6526C6A1BEE4C2500D3B9AB /* Frameworks */,
				C6526C6B1BEE4C2500D3B9AB /* Resources */,
			);
			buildRules = (
			);
			dependencies = (
				C6526C6F1BEE4C2500D3B9AB /* PBXTargetDependency */,
			);
			name = xxxxxxTests;
			productName = xxxxxxTests;
			productReference = C6526C6D1BEE4C2500D3B9AB /* xxxxxxTests.xctest */;
			productType = "com.apple.product-type.bundle.unit-test";
		};
		C6526C771BEE4C2500D3B9AB /* xxxxxxUITests */ = {
			isa = PBXNativeTarget;
			buildConfigurationList = C6526C871BEE4C2500D3B9AB /* Build configuration list for PBXNativeTarget "xxxxxxUITests" */;
			buildPhases = (
				C6526C741BEE4C2500D3B9AB /* Sources */,
				C6526C751BEE4C2500D3B9AB /* Frameworks */,
				C6526C761BEE4C2500D3B9AB /* Resources */,
			);
			buildRules = (
			);
			dependencies = (
				C6526C7A1BEE4C2500D3B9AB /* PBXTargetDependency */,
			);
			name = xxxxxxUITests;
			productName = xxxxxxUITests;
			productReference = C6526C781BEE4C2500D3B9AB /* xxxxxxUITests.xctest */;
			productType = "com.apple.product-type.bundle.ui-testing";
		};
/* End PBXNativeTarget section */

/* Begin PBXProject section */
		C6526C4C1BEE4C2500D3B9AB /* Project object */ = {
			isa = PBXProject;
			attributes = {
				LastUpgradeCheck = 0710;
				ORGANIZATIONNAME = "王奥博";
				TargetAttributes = {
					C6526C531BEE4C2500D3B9AB = {
						CreatedOnToolsVersion = 7.1;
						DevelopmentTeam = 4U29222LR8;
					};
					C6526C6C1BEE4C2500D3B9AB = {
						CreatedOnToolsVersion = 7.1;
						DevelopmentTeam = 4U29222LR8;
						TestTargetID = C6526C531BEE4C2500D3B9AB;
					};
					C6526C771BEE4C2500D3B9AB = {
						CreatedOnToolsVersion = 7.1;
						DevelopmentTeam = 4U29222LR8;
						TestTargetID = C6526C531BEE4C2500D3B9AB;
					};
				};
			};
			buildConfigurationList = C6526C4F1BEE4C2500D3B9AB /* Build configuration list for PBXProject "xxxxxx" */;
			compatibilityVersion = "Xcode 3.2";
			developmentRegion = English;
			hasScannedForEncodings = 0;
			knownRegions = (
				en,
				Base,
			);
			mainGroup = C6526C4B1BEE4C2500D3B9AB;
			productRefGroup = C6526C551BEE4C2500D3B9AB /* Products */;
			projectDirPath = "";
			projectRoot = "";
			targets = (
				C6526C531BEE4C2500D3B9AB /* xxxxxx */,
				C6526C6C1BEE4C2500D3B9AB /* xxxxxxTests */,
				C6526C771BEE4C2500D3B9AB /* xxxxxxUITests */,
			);
		};
/* End PBXProject section */

/* Begin PBXResourcesBuildPhase section */
		C6526C521BEE4C2500D3B9AB /* Resources */ = {
			isa = PBXResourcesBuildPhase;
			buildActionMask = 2147483647;
			files = (
				C6526C671BEE4C2500D3B9AB /* LaunchScreen.storyboard in Resources */,
				C6526C641BEE4C2500D3B9AB /* Assets.xcassets in Resources */,
				C6526C621BEE4C2500D3B9AB /* Main.storyboard in Resources */,
			);
			runOnlyForDeploymentPostprocessing = 0;
		};
		C6526C6B1BEE4C2500D3B9AB /* Resources */ = {
			isa = PBXResourcesBuildPhase;
			buildActionMask = 2147483647;
			files = (
			);
			runOnlyForDeploymentPostprocessing = 0;
		};
		C6526C761BEE4C2500D3B9AB /* Resources */ = {
			isa = PBXResourcesBuildPhase;
			buildActionMask = 2147483647;
			files = (
			);
			runOnlyForDeploymentPostprocessing = 0;
		};
/* End PBXResourcesBuildPhase section */

/* Begin PBXSourcesBuildPhase section */
		C6526C501BEE4C2500D3B9AB /* Sources */ = {
			isa = PBXSourcesBuildPhase;
			buildActionMask = 2147483647;
			files = (
				C6526C5F1BEE4C2500D3B9AB /* ViewController.m in Sources */,
				C6526C5C1BEE4C2500D3B9AB /* AppDelegate.m in Sources */,
				C6526C591BEE4C2500D3B9AB /* main.m in Sources */,
			);
			runOnlyForDeploymentPostprocessing = 0;
		};
		C6526C691BEE4C2500D3B9AB /* Sources */ = {
			isa = PBXSourcesBuildPhase;
			buildActionMask = 2147483647;
			files = (
				C6526C721BEE4C2500D3B9AB /* xxxxxxTests.m in Sources */,
			);
			runOnlyForDeploymentPostprocessing = 0;
		};
		C6526C741BEE4C2500D3B9AB /* Sources */ = {
			isa = PBXSourcesBuildPhase;
			buildActionMask = 2147483647;
			files = (
				C6526C7D1BEE4C2500D3B9AB /* xxxxxxUITests.m in Sources */,
			);
			runOnlyForDeploymentPostprocessing = 0;
		};
/* End PBXSourcesBuildPhase section */

/* Begin PBXTargetDependency section */
		C6526C6F1BEE4C2500D3B9AB /* PBXTargetDependency */ = {
			isa = PBXTargetDependency;
			target = C6526C531BEE4C2500D3B9AB /* xxxxxx */;
			targetProxy = C6526C6E1BEE4C2500D3B9AB /* PBXContainerItemProxy */;
		};
		C6526C7A1BEE4C2500D3B9AB /* PBXTargetDependency */ = {
			isa = PBXTargetDependency;
			target = C6526C531BEE4C2500D3B9AB /* xxxxxx */;
			targetProxy = C6526C791BEE4C2500D3B9AB /* PBXContainerItemProxy */;
		};
/* End PBXTargetDependency section */

/* Begin PBXVariantGroup section */
		C6526C601BEE4C2500D3B9AB /* Main.storyboard */ = {
			isa = PBXVariantGroup;
			children = (
				C6526C611BEE4C2500D3B9AB /* Base */,
			);
			name = Main.storyboard;
			sourceTree = "<group>";
		};
		C6526C651BEE4C2500D3B9AB /* LaunchScreen.storyboard */ = {
			isa = PBXVariantGroup;
			children = (
				C6526C661BEE4C2500D3B9AB /* Base */,
			);
			name = LaunchScreen.storyboard;
			sourceTree = "<group>";
		};
/* End PBXVariantGroup section */

/* Begin XCBuildConfiguration section */
		C6526C7F1BEE4C2500D3B9AB /* Debug */ = {
			isa = XCBuildConfiguration;
			buildSettings = {
				ALWAYS_SEARCH_USER_PATHS = NO;
				CLANG_CXX_LANGUAGE_STANDARD = "gnu++0x";
				CLANG_CXX_LIBRARY = "libc++";
				CLANG_ENABLE_MODULES = YES;
				CLANG_ENABLE_OBJC_ARC = YES;
				CLANG_WARN_BOOL_CONVERSION = YES;
				CLANG_WARN_CONSTANT_CONVERSION = YES;
				CLANG_WARN_DIRECT_OBJC_ISA_USAGE = YES_ERROR;
				CLANG_WARN_EMPTY_BODY = YES;
				CLANG_WARN_ENUM_CONVERSION = YES;
				CLANG_WARN_INT_CONVERSION = YES;
				CLANG_WARN_OBJC_ROOT_CLASS = YES_ERROR;
				CLANG_WARN_UNREACHABLE_CODE = YES;
				CLANG_WARN__DUPLICATE_METHOD_MATCH = YES;
				"CODE_SIGN_IDENTITY[sdk=iphoneos*]" = "iPhone Developer";
				COPY_PHASE_STRIP = NO;
				DEBUG_INFORMATION_FORMAT = dwarf;
				ENABLE_STRICT_OBJC_MSGSEND = YES;
				ENABLE_TESTABILITY = YES;
				GCC_C_LANGUAGE_STANDARD = gnu99;
				GCC_DYNAMIC_NO_PIC = NO;
				GCC_NO_COMMON_BLOCKS = YES;
				GCC_OPTIMIZATION_LEVEL = 0;
				GCC_PREPROCESSOR_DEFINITIONS = (
					"DEBUG=1",
					"$(inherited)",
				);
				GCC_WARN_64_TO_32_BIT_CONVERSION = YES;
				GCC_WARN_ABOUT_RETURN_TYPE = YES_ERROR;
				GCC_WARN_UNDECLARED_SELECTOR = YES;
				GCC_WARN_UNINITIALIZED_AUTOS = YES_AGGRESSIVE;
				GCC_WARN_UNUSED_FUNCTION = YES;
				GCC_WARN_UNUSED_VARIABLE = YES;
				IPHONEOS_DEPLOYMENT_TARGET = 9.1;
				MTL_ENABLE_DEBUG_INFO = YES;
				ONLY_ACTIVE_ARCH = YES;
				SDKROOT = iphoneos;
				TARGETED_DEVICE_FAMILY = "1,2";
			};
			name = Debug;
		};
		C6526C801BEE4C2500D3B9AB /* Release */ = {
			isa = XCBuildConfiguration;
			buildSettings = {
				ALWAYS_SEARCH_USER_PATHS = NO;
				CLANG_CXX_LANGUAGE_STANDARD = "gnu++0x";
				CLANG_CXX_LIBRARY = "libc++";
				CLANG_ENABLE_MODULES = YES;
				CLANG_ENABLE_OBJC_ARC = YES;
				CLANG_WARN_BOOL_CONVERSION = YES;
				CLANG_WARN_CONSTANT_CONVERSION = YES;
				CLANG_WARN_DIRECT_OBJC_ISA_USAGE = YES_ERROR;
				CLANG_WARN_EMPTY_BODY = YES;
				CLANG_WARN_ENUM_CONVERSION = YES;
				CLANG_WARN_INT_CONVERSION = YES;
				CLANG_WARN_OBJC_ROOT_CLASS = YES_ERROR;
				CLANG_WARN_UNREACHABLE_CODE = YES;
				CLANG_WARN__DUPLICATE_METHOD_MATCH = YES;
				"CODE_SIGN_IDENTITY[sdk=iphoneos*]" = "iPhone Developer";
				COPY_PHASE_STRIP = NO;
				DEBUG_INFORMATION_FORMAT = "dwarf-with-dsym";
				ENABLE_NS_ASSERTIONS = NO;
				ENABLE_STRICT_OBJC_MSGSEND = YES;
				GCC_C_LANGUAGE_STANDARD = gnu99;
				GCC_NO_COMMON_BLOCKS = YES;
				GCC_WARN_64_TO_32_BIT_CONVERSION = YES;
				GCC_WARN_ABOUT_RETURN_TYPE = YES_ERROR;
				GCC_WARN_UNDECLARED_SELECTOR = YES;
				GCC_WARN_UNINITIALIZED_AUTOS = YES_AGGRESSIVE;
				GCC_WARN_UNUSED_FUNCTION = YES;
				GCC_WARN_UNUSED_VARIABLE = YES;
				IPHONEOS_DEPLOYMENT_TARGET = 9.1;
				MTL_ENABLE_DEBUG_INFO = NO;
				SDKROOT = iphoneos;
				TARGETED_DEVICE_FAMILY = "1,2";
				VALIDATE_PRODUCT = YES;
			};
			name = Release;
		};
		C6526C821BEE4C2500D3B9AB /* Debug */ = {
			isa = XCBuildConfiguration;
			buildSettings = {
				ASSETCATALOG_COMPILER_APPICON_NAME = AppIcon;
				INFOPLIST_FILE = xxxxxx/Info.plist;
				LD_RUNPATH_SEARCH_PATHS = "$(inherited) @executable_path/Frameworks";
				PRODUCT_BUNDLE_IDENTIFIER = com.wangaobo.xxxxxx;
				PRODUCT_NAME = "$(TARGET_NAME)";
			};
			name = Debug;
		};
		C6526C831BEE4C2500D3B9AB /* Release */ = {
			isa = XCBuildConfiguration;
			buildSettings = {
				ASSETCATALOG_COMPILER_APPICON_NAME = AppIcon;
				INFOPLIST_FILE = xxxxxx/Info.plist;
				LD_RUNPATH_SEARCH_PATHS = "$(inherited) @executable_path/Frameworks";
				PRODUCT_BUNDLE_IDENTIFIER = com.wangaobo.xxxxxx;
				PRODUCT_NAME = "$(TARGET_NAME)";
			};
			name = Release;
		};
		C6526C851BEE4C2500D3B9AB /* Debug */ = {
			isa = XCBuildConfiguration;
			buildSettings = {
				BUNDLE_LOADER = "$(TEST_HOST)";
				INFOPLIST_FILE = xxxxxxTests/Info.plist;
				LD_RUNPATH_SEARCH_PATHS = "$(inherited) @executable_path/Frameworks @loader_path/Frameworks";
				PRODUCT_BUNDLE_IDENTIFIER = com.wangaobo.xxxxxxTests;
				PRODUCT_NAME = "$(TARGET_NAME)";
				TEST_HOST = "$(BUILT_PRODUCTS_DIR)/xxxxxx.app/xxxxxx";
			};
			name = Debug;
		};
		C6526C861BEE4C2500D3B9AB /* Release */ = {
			isa = XCBuildConfiguration;
			buildSettings = {
				BUNDLE_LOADER = "$(TEST_HOST)";
				INFOPLIST_FILE = xxxxxxTests/Info.plist;
				LD_RUNPATH_SEARCH_PATHS = "$(inherited) @executable_path/Frameworks @loader_path/Frameworks";
				PRODUCT_BUNDLE_IDENTIFIER = com.wangaobo.xxxxxxTests;
				PRODUCT_NAME = "$(TARGET_NAME)";
				TEST_HOST = "$(BUILT_PRODUCTS_DIR)/xxxxxx.app/xxxxxx";
			};
			name = Release;
		};
		C6526C881BEE4C2500D3B9AB /* Debug */ = {
			isa = XCBuildConfiguration;
			buildSettings = {
				INFOPLIST_FILE = xxxxxxUITests/Info.plist;
				LD_RUNPATH_SEARCH_PATHS = "$(inherited) @executable_path/Frameworks @loader_path/Frameworks";
				PRODUCT_BUNDLE_IDENTIFIER = com.wangaobo.xxxxxxUITests;
				PRODUCT_NAME = "$(TARGET_NAME)";
				TEST_TARGET_NAME = xxxxxx;
				USES_XCTRUNNER = YES;
			};
			name = Debug;
		};
		C6526C891BEE4C2500D3B9AB /* Release */ = {
			isa = XCBuildConfiguration;
			buildSettings = {
				INFOPLIST_FILE = xxxxxxUITests/Info.plist;
				LD_RUNPATH_SEARCH_PATHS = "$(inherited) @executable_path/Frameworks @loader_path/Frameworks";
				PRODUCT_BUNDLE_IDENTIFIER = com.wangaobo.xxxxxxUITests;
				PRODUCT_NAME = "$(TARGET_NAME)";
				TEST_TARGET_NAME = xxxxxx;
				USES_XCTRUNNER = YES;
			};
			name = Release;
		};
/* End XCBuildConfiguration section */

/* Begin XCConfigurationList section */
		C6526C4F1BEE4C2500D3B9AB /* Build configuration list for PBXProject "xxxxxx" */ = {
			isa = XCConfigurationList;
			buildConfigurations = (
				C6526C7F1BEE4C2500D3B9AB /* Debug */,
				C6526C801BEE4C2500D3B9AB /* Release */,
			);
			defaultConfigurationIsVisible = 0;
			defaultConfigurationName = Release;
		};
		C6526C811BEE4C2500D3B9AB /* Build configuration list for PBXNativeTarget "xxxxxx" */ = {
			isa = XCConfigurationList;
			buildConfigurations = (
				C6526C821BEE4C2500D3B9AB /* Debug */,
				C6526C831BEE4C2500D3B9AB /* Release */,
			);
			defaultConfigurationIsVisible = 0;
		};
		C6526C841BEE4C2500D3B9AB /* Build configuration list for PBXNativeTarget "xxxxxxTests" */ = {
			isa = XCConfigurationList;
			buildConfigurations = (
				C6526C851BEE4C2500D3B9AB /* Debug */,
				C6526C861BEE4C2500D3B9AB /* Release */,
			);
			defaultConfigurationIsVisible = 0;
		};
		C6526C871BEE4C2500D3B9AB /* Build configuration list for PBXNativeTarget "xxxxxxUITests" */ = {
			isa = XCConfigurationList;
			buildConfigurations = (
				C6526C881BEE4C2500D3B9AB /* Debug */,
				C6526C891BEE4C2500D3B9AB /* Release */,
			);
			defaultConfigurationIsVisible = 0;
		};
/* End XCConfigurationList section */
	};
	rootObject = C6526C4C1BEE4C2500D3B9AB /* Project object */;
}
